
Microsoft Visual Studio Solution File, Format Version 12.00
# Visual Studio Version 16
VisualStudioVersion = 16.0.32002.261
MinimumVisualStudioVersion = 10.0.40219.1
Project("{FAE04EC0-301F-11D3-BF4B-00C04F79EFBC}") = "TestRos", "TestRos\TestRos.csproj", "{A4B9594B-573B-4C98-9741-BCF6A4D1841D}"
EndProject
Project("{9A19103F-16F7-4668-BE54-9A1E7A4F7556}") = "RosBridgeClient", "RosBridgeClient\RosBridgeClient.csproj", "{7E647E32-1648-4164-8772-A5D7745B13D0}"
EndProject
Global
	GlobalSection(SolutionConfigurationPlatforms) = preSolution
		Debug|Any CPU = Debug|Any CPU
		Release|Any CPU = Release|Any CPU
	EndGlobalSection
	GlobalSection(ProjectConfigurationPlatforms) = postSolution
		{A4B9594B-573B-4C98-9741-BCF6A4D1841D}.Debug|Any CPU.ActiveCfg = Debug|Any CPU
		{A4B9594B-573B-4C98-9741-BCF6A4D1841D}.Debug|Any CPU.Build.0 = Debug|Any CPU
		{A4B9594B-573B-4C98-9741-BCF6A4D1841D}.Release|Any CPU.ActiveCfg = Release|Any CPU
		{A4B9594B-573B-4C98-9741-BCF6A4D1841D}.Release|Any CPU.Build.0 = Release|Any CPU
		{7E647E32-1648-4164-8772-A5D7745B13D0}.Debug|Any CPU.ActiveCfg = Debug|Any CPU
		{7E647E32-1648-4164-8772-A5D7745B13D0}.Debug|Any CPU.Build.0 = Debug|Any CPU
		{7E647E32-1648-4164-8772-A5D7745B13D0}.Release|Any CPU.ActiveCfg = Release|Any CPU
		{7E647E32-1648-4164-8772-A5D7745B13D0}.Release|Any CPU.Build.0 = Release|Any CPU
	EndGlobalSection
	GlobalSection(SolutionProperties) = preSolution
		HideSolutionNode = FALSE
	EndGlobalSection
	GlobalSection(ExtensibilityGlobals) = postSolution
		SolutionGuid = {49802286-7DD0-45D5-9ABD-4BB7A2815C23}
	EndGlobalSection
EndGlobal
